
Microsoft Visual Studio Solution File, Format Version 12.00
# Visual Studio Version 16
VisualStudioVersion = 16.0.31605.320
MinimumVisualStudioVersion = 10.0.40219.1
Project("{9A19103F-16F7-4668-BE54-9A1E7A4F7556}") = "Aspiria.PruebaTecnica", "Aspiria.PruebaTecnica\Aspiria.PruebaTecnica.csproj", "{F9FAB632-563D-4454-B117-8A5BC0CAF7BC}"
EndProject
Project("{9A19103F-16F7-4668-BE54-9A1E7A4F7556}") = "Aspiria.PruebaTecnica.Data", "Aspiria.PruebaTecnica.Data\Aspiria.PruebaTecnica.Data.csproj", "{B63FE7ED-4A19-4BB6-A012-0C6C4BBE7011}"
EndProject
Global
	GlobalSection(SolutionConfigurationPlatforms) = preSolution
		Debug|Any CPU = Debug|Any CPU
		Release|Any CPU = Release|Any CPU
	EndGlobalSection
	GlobalSection(ProjectConfigurationPlatforms) = postSolution
		{F9FAB632-563D-4454-B117-8A5BC0CAF7BC}.Debug|Any CPU.ActiveCfg = Debug|Any CPU
		{F9FAB632-563D-4454-B117-8A5BC0CAF7BC}.Debug|Any CPU.Build.0 = Debug|Any CPU
		{F9FAB632-563D-4454-B117-8A5BC0CAF7BC}.Release|Any CPU.ActiveCfg = Release|Any CPU
		{F9FAB632-563D-4454-B117-8A5BC0CAF7BC}.Release|Any CPU.Build.0 = Release|Any CPU
		{B63FE7ED-4A19-4BB6-A012-0C6C4BBE7011}.Debug|Any CPU.ActiveCfg = Debug|Any CPU
		{B63FE7ED-4A19-4BB6-A012-0C6C4BBE7011}.Debug|Any CPU.Build.0 = Debug|Any CPU
		{B63FE7ED-4A19-4BB6-A012-0C6C4BBE7011}.Release|Any CPU.ActiveCfg = Release|Any CPU
		{B63FE7ED-4A19-4BB6-A012-0C6C4BBE7011}.Release|Any CPU.Build.0 = Release|Any CPU
	EndGlobalSection
	GlobalSection(SolutionProperties) = preSolution
		HideSolutionNode = FALSE
	EndGlobalSection
	GlobalSection(ExtensibilityGlobals) = postSolution
		SolutionGuid = {ED19B1CF-9A00-4878-A0F7-3CA2FB19AF46}
	EndGlobalSection
EndGlobal
